
Microsoft Visual Studio Solution File, Format Version 12.00
# Visual Studio 15
VisualStudioVersion = 15.0.26228.12
MinimumVisualStudioVersion = 10.0.40219.1
Project("{FAE04EC0-301F-11D3-BF4B-00C04F79EFBC}") = "ScribeServer", "ScribeServer\ScribeServer.csproj", "{23DA8796-1A79-45D2-A2C3-95A8ABCD29B1}"
EndProject
Project("{FAE04EC0-301F-11D3-BF4B-00C04F79EFBC}") = "ScribeClient", "ScribeClient\ScribeClient.csproj", "{E5D3D2A2-3D02-4F0B-8B0C-710B2F531053}"
EndProject
Project("{FAE04EC0-301F-11D3-BF4B-00C04F79EFBC}") = "ScribeTest", "ScribeTest\ScribeTest.csproj", "{8CC07C65-F094-4D5D-825E-9A0B5BC4454B}"
EndProject
Global
	GlobalSection(SolutionConfigurationPlatforms) = preSolution
		Debug|Any CPU = Debug|Any CPU
		Release|Any CPU = Release|Any CPU
	EndGlobalSection
	GlobalSection(ProjectConfigurationPlatforms) = postSolution
		{23DA8796-1A79-45D2-A2C3-95A8ABCD29B1}.Debug|Any CPU.ActiveCfg = Debug|Any CPU
		{23DA8796-1A79-45D2-A2C3-95A8ABCD29B1}.Debug|Any CPU.Build.0 = Debug|Any CPU
		{23DA8796-1A79-45D2-A2C3-95A8ABCD29B1}.Release|Any CPU.ActiveCfg = Release|Any CPU
		{23DA8796-1A79-45D2-A2C3-95A8ABCD29B1}.Release|Any CPU.Build.0 = Release|Any CPU
		{E5D3D2A2-3D02-4F0B-8B0C-710B2F531053}.Debug|Any CPU.ActiveCfg = Debug|Any CPU
		{E5D3D2A2-3D02-4F0B-8B0C-710B2F531053}.Debug|Any CPU.Build.0 = Debug|Any CPU
		{E5D3D2A2-3D02-4F0B-8B0C-710B2F531053}.Release|Any CPU.ActiveCfg = Release|Any CPU
		{E5D3D2A2-3D02-4F0B-8B0C-710B2F531053}.Release|Any CPU.Build.0 = Release|Any CPU
		{8CC07C65-F094-4D5D-825E-9A0B5BC4454B}.Debug|Any CPU.ActiveCfg = Debug|Any CPU
		{8CC07C65-F094-4D5D-825E-9A0B5BC4454B}.Debug|Any CPU.Build.0 = Debug|Any CPU
		{8CC07C65-F094-4D5D-825E-9A0B5BC4454B}.Release|Any CPU.ActiveCfg = Release|Any CPU
		{8CC07C65-F094-4D5D-825E-9A0B5BC4454B}.Release|Any CPU.Build.0 = Release|Any CPU
	EndGlobalSection
	GlobalSection(SolutionProperties) = preSolution
		HideSolutionNode = FALSE
	EndGlobalSection
EndGlobal
